{
    "_readme": [
        "This file locks the dependencies of your project to a known state",
        "Read more about it at https://getcomposer.org/doc/01-basic-usage.md#installing-dependencies",
        "This file is @generated automatically"
    ],
    "content-hash": "6b30212bd4562a4efbd102234c0e4c3d",
    "packages": [
        {
            "name": "espresso-dev/instagram-basic-display-php",
            "version": "v1.1.6",
            "source": {
                "type": "git",
                "url": "https://github.com/espresso-dev/instagram-basic-display-php.git",
                "reference": "e15ac322fd5ee3b8469bcb3e16c90667b8f2e208"
            },
            "dist": {
                "type": "zip",
                "url": "https://api.github.com/repos/espresso-dev/instagram-basic-display-php/zipball/e15ac322fd5ee3b8469bcb3e16c90667b8f2e208",
                "reference": "e15ac322fd5ee3b8469bcb3e16c90667b8f2e208",
                "shasum": ""
            },
            "require": {
                "ext-curl": "*",
                "ext-json": "*",
                "php": ">=5.6"
            },
            "type": "library",
            "autoload": {
                "psr-4": {
                    "EspressoDev\\InstagramBasicDisplay\\": "src/"
                }
            },
            "notification-url": "https://packagist.org/downloads/",
            "license": [
                "MIT"
            ],
            "authors": [
                {
                    "name": "Herman Schutte",
                    "email": "herman@espresso.dev"
                }
            ],
            "description": "A simple PHP class for accessing the Instagram Basic Display API",
            "homepage": "https://github.com/espresso-dev/instagram-basic-display-php",
            "keywords": [
                "api",
                "instagram"
            ],
            "support": {
                "issues": "https://github.com/espresso-dev/instagram-basic-display-php/issues",
                "source": "https://github.com/espresso-dev/instagram-basic-display-php/tree/v1.1.6"
            },
            "time": "2021-04-13T06:37:08+00:00"
        },
        {
            "name": "facebook/graph-sdk",
            "version": "5.1.4",
            "source": {
                "type": "git",
                "url": "https://github.com/facebook/php-graph-sdk.git",
                "reference": "38fd7187a6704d3ab14ded2f3a534ac4ee6f3481"
            },
            "dist": {
                "type": "zip",
                "url": "https://api.github.com/repos/facebook/php-graph-sdk/zipball/38fd7187a6704d3ab14ded2f3a534ac4ee6f3481",
                "reference": "38fd7187a6704d3ab14ded2f3a534ac4ee6f3481",
                "shasum": ""
            },
            "require": {
                "ext-mbstring": "*",
                "php": ">=5.4.0"
            },
            "require-dev": {
                "guzzlehttp/guzzle": "~5.0",
                "mockery/mockery": "~0.8",
                "phpunit/phpunit": "~4.0"
            },
            "suggest": {
                "guzzlehttp/guzzle": "Allows for implementation of the Guzzle HTTP client"
            },
            "type": "library",
            "extra": {
                "branch-alias": {
                    "dev-master": "5.x-dev"
                }
            },
            "autoload": {
                "psr-4": {
                    "Facebook\\": "src/Facebook/"
                }
            },
            "notification-url": "https://packagist.org/downloads/",
            "license": [
                "Facebook Platform"
            ],
            "authors": [
                {
                    "name": "Facebook",
                    "homepage": "https://github.com/facebook/facebook-php-sdk-v4/contributors"
                }
            ],
            "description": "Facebook SDK for PHP",
            "homepage": "https://github.com/facebook/facebook-php-sdk-v4",
            "keywords": [
                "facebook",
                "sdk"
            ],
            "support": {
                "issues": "https://github.com/facebook/php-graph-sdk/issues",
                "source": "https://github.com/facebook/php-graph-sdk/tree/5.1.4"
            },
            "time": "2016-05-13T17:28:30+00:00"
        }
    ],
    "packages-dev": [],
    "aliases": [],
    "minimum-stability": "stable",
    "stability-flags": [],
    "prefer-stable": false,
    "prefer-lowest": false,
    "platform": [],
    "platform-dev": [],
    "plugin-api-version": "2.0.0"
}
